<?xml version="1.0" encoding="utf-8"?>
<Project ToolsVersion="4.0" xmlns="http://schemas.microsoft.com/developer/msbuild/2003">
  <ItemGroup>
    <Filter Include="ソース ファイル">
      <UniqueIdentifier>{4FC737F1-C7A5-4376-A066-2A32D752A2FF}</UniqueIdentifier>
      <Extensions>cpp;c;cc;cxx;c++;cppm;ixx;def;odl;idl;hpj;bat;asm;asmx</Extensions>
    </Filter>
    <Filter Include="ヘッダー ファイル">
      <UniqueIdentifier>{93995380-89BD-4b04-88EB-625FBE52EBFB}</UniqueIdentifier>
      <Extensions>h;hh;hpp;hxx;h++;hm;inl;inc;ipp;xsd</Extensions>
    </Filter>
    <Filter Include="リソース ファイル">
      <UniqueIdentifier>{67DA6AB6-F800-4c08-8B7A-83BB121AAD01}</UniqueIdentifier>
      <Extensions>rc;ico;cur;bmp;dlg;rc2;rct;bin;rgs;gif;jpg;jpeg;jpe;resx;tiff;tif;png;wav;mfcribbon-ms</Extensions>
    </Filter>
    <Filter Include="リソース ファイル\シェーダーファイル">
      <UniqueIdentifier>{ffc28295-e417-4b36-91cc-70f60949dd59}</UniqueIdentifier>
    </Filter>
    <Filter Include="ソース ファイル\Engine">
      <UniqueIdentifier>{c676a83a-5d1e-49fb-b6f5-53feba456a0e}</UniqueIdentifier>
    </Filter>
    <Filter Include="ソース ファイル\Engine\Audio">
      <UniqueIdentifier>{bdd4dde0-bec4-4203-a617-eb86fd517029}</UniqueIdentifier>
    </Filter>
    <Filter Include="ソース ファイル\Engine\Base">
      <UniqueIdentifier>{3fd90db0-f4db-4fa8-81b5-e0e5d4c088c5}</UniqueIdentifier>
    </Filter>
    <Filter Include="ソース ファイル\Engine\Input">
      <UniqueIdentifier>{79a74f51-55d5-433c-9d23-189a3fbf7e36}</UniqueIdentifier>
    </Filter>
    <Filter Include="ソース ファイル\Engine\Light">
      <UniqueIdentifier>{60bd278f-af50-4297-a2d7-970fab3dd857}</UniqueIdentifier>
    </Filter>
    <Filter Include="ソース ファイル\Engine\3d">
      <UniqueIdentifier>{a1b04b50-ffa1-4871-8e61-83bfc9f77500}</UniqueIdentifier>
    </Filter>
    <Filter Include="ソース ファイル\Engine\2d">
      <UniqueIdentifier>{52c0cf45-51d7-4a94-9e22-bdd1747c1419}</UniqueIdentifier>
    </Filter>
    <Filter Include="ヘッダー ファイル\Engine">
      <UniqueIdentifier>{f9ba3bfc-3983-4229-bb43-68194943dac4}</UniqueIdentifier>
    </Filter>
    <Filter Include="ヘッダー ファイル\Engine\2d">
      <UniqueIdentifier>{c84a387c-dcfa-4e79-9251-a584134d1735}</UniqueIdentifier>
    </Filter>
    <Filter Include="ヘッダー ファイル\Engine\3d">
      <UniqueIdentifier>{83237d30-e5a8-4d2b-b13e-959acaf05fe9}</UniqueIdentifier>
    </Filter>
    <Filter Include="ヘッダー ファイル\Engine\Light">
      <UniqueIdentifier>{501384de-ba29-4ecf-8b2b-3e09213f1af3}</UniqueIdentifier>
    </Filter>
    <Filter Include="ヘッダー ファイル\Engine\Input">
      <UniqueIdentifier>{7c3932d6-6e58-4745-ac8c-2695a23c6486}</UniqueIdentifier>
    </Filter>
    <Filter Include="ヘッダー ファイル\Engine\Base">
      <UniqueIdentifier>{f7c6d311-7345-41e0-b2f3-ddcf1e972db2}</UniqueIdentifier>
    </Filter>
    <Filter Include="ヘッダー ファイル\Engine\Audio">
      <UniqueIdentifier>{3ced2a45-35ff-4ce1-a5ba-6d97ddc31bc9}</UniqueIdentifier>
    </Filter>
    <Filter Include="ソース ファイル\Application">
      <UniqueIdentifier>{58f780c9-d863-4974-b5ac-90528434e42c}</UniqueIdentifier>
    </Filter>
    <Filter Include="ヘッダー ファイル\Application">
      <UniqueIdentifier>{2f1271b4-2fc6-41e9-8b9d-3c4cb9b508b2}</UniqueIdentifier>
    </Filter>
    <Filter Include="ソース ファイル\Engine\Math">
      <UniqueIdentifier>{54197dca-fcfb-4d72-afb1-3ea04eda914a}</UniqueIdentifier>
    </Filter>
    <Filter Include="ヘッダー ファイル\Engine\Math">
      <UniqueIdentifier>{c9beca28-4efd-45b8-91a3-df3c7cee05eb}</UniqueIdentifier>
    </Filter>
    <Filter Include="ヘッダー ファイル\Application\Scene">
      <UniqueIdentifier>{e5fafcc8-9026-436c-878b-b8a664d995aa}</UniqueIdentifier>
    </Filter>
    <Filter Include="ソース ファイル\Application\Scene">
      <UniqueIdentifier>{05876918-75f2-45fb-9d32-35b8209c0d63}</UniqueIdentifier>
    </Filter>
  </ItemGroup>
  <ItemGroup>
    <ClCompile Include="main.cpp">
      <Filter>ソース ファイル</Filter>
    </ClCompile>
    <ClCompile Include="Application\Boss.cpp">
      <Filter>ソース ファイル\Application</Filter>
    </ClCompile>
    <ClCompile Include="Application\Enemy.cpp">
      <Filter>ソース ファイル\Application</Filter>
    </ClCompile>
    <ClCompile Include="Application\EnemyBullet.cpp">
      <Filter>ソース ファイル\Application</Filter>
    </ClCompile>
    <ClCompile Include="Application\Player.cpp">
      <Filter>ソース ファイル\Application</Filter>
    </ClCompile>
    <ClCompile Include="Application\PlayerBullet.cpp">
      <Filter>ソース ファイル\Application</Filter>
    </ClCompile>
    <ClCompile Include="Application\TitleScene.cpp">
      <Filter>ソース ファイル\Application\Scene</Filter>
    </ClCompile>
    <ClCompile Include="Application\GameScene.cpp">
      <Filter>ソース ファイル\Application\Scene</Filter>
    </ClCompile>
    <ClCompile Include="Application\BossBullet.cpp">
      <Filter>ソース ファイル\Application</Filter>
    </ClCompile>
    <ClCompile Include="Engine\Math\Matrix4.cpp">
      <Filter>ソース ファイル\Engine\Math</Filter>
    </ClCompile>
    <ClCompile Include="Engine\Math\Vector2.cpp">
      <Filter>ソース ファイル\Engine\Math</Filter>
    </ClCompile>
    <ClCompile Include="Engine\Math\Vector3.cpp">
      <Filter>ソース ファイル\Engine\Math</Filter>
    </ClCompile>
    <ClCompile Include="Engine\Audio\Sound.cpp">
      <Filter>ソース ファイル\Engine\Audio</Filter>
    </ClCompile>
    <ClCompile Include="Engine\2d\ParticleManager.cpp">
      <Filter>ソース ファイル\Engine\2d</Filter>
    </ClCompile>
    <ClCompile Include="Engine\2d\PostEffect.cpp">
      <Filter>ソース ファイル\Engine\2d</Filter>
    </ClCompile>
    <ClCompile Include="Engine\2d\Sprite.cpp">
      <Filter>ソース ファイル\Engine\2d</Filter>
    </ClCompile>
    <ClCompile Include="Engine\2d\SpriteBasis.cpp">
      <Filter>ソース ファイル\Engine\2d</Filter>
    </ClCompile>
    <ClCompile Include="Engine\3d\Camera.cpp">
      <Filter>ソース ファイル\Engine\3d</Filter>
    </ClCompile>
    <ClCompile Include="Engine\3d\CollisionBox.cpp">
      <Filter>ソース ファイル\Engine\3d</Filter>
    </ClCompile>
    <ClCompile Include="Engine\3d\EventBox.cpp">
      <Filter>ソース ファイル\Engine\3d</Filter>
    </ClCompile>
    <ClCompile Include="Engine\3d\FbxLoader.cpp">
      <Filter>ソース ファイル\Engine\3d</Filter>
    </ClCompile>
    <ClCompile Include="Engine\3d\FbxModel.cpp">
      <Filter>ソース ファイル\Engine\3d</Filter>
    </ClCompile>
    <ClCompile Include="Engine\3d\FbxObject3d.cpp">
      <Filter>ソース ファイル\Engine\3d</Filter>
    </ClCompile>
    <ClCompile Include="Engine\3d\Model.cpp">
      <Filter>ソース ファイル\Engine\3d</Filter>
    </ClCompile>
    <ClCompile Include="Engine\3d\Object3D.cpp">
      <Filter>ソース ファイル\Engine\3d</Filter>
    </ClCompile>
    <ClCompile Include="Engine\Input\GamePad.cpp">
      <Filter>ソース ファイル\Engine\Input</Filter>
    </ClCompile>
    <ClCompile Include="Engine\Input\KeyBoard.cpp">
      <Filter>ソース ファイル\Engine\Input</Filter>
    </ClCompile>
    <ClCompile Include="Engine\Light\CircleShadow.cpp">
      <Filter>ソース ファイル\Engine\Light</Filter>
    </ClCompile>
    <ClCompile Include="Engine\Light\DirectionalLight.cpp">
      <Filter>ソース ファイル\Engine\Light</Filter>
    </ClCompile>
    <ClCompile Include="Engine\Light\LightGroup.cpp">
      <Filter>ソース ファイル\Engine\Light</Filter>
    </ClCompile>
    <ClCompile Include="Engine\Light\PointLight.cpp">
      <Filter>ソース ファイル\Engine\Light</Filter>
    </ClCompile>
    <ClCompile Include="Engine\Light\SpotLight.cpp">
      <Filter>ソース ファイル\Engine\Light</Filter>
    </ClCompile>
    <ClCompile Include="Engine\Base\BaseScene.cpp">
      <Filter>ソース ファイル\Engine\Base</Filter>
    </ClCompile>
    <ClCompile Include="Engine\Base\DirectXBasis.cpp">
      <Filter>ソース ファイル\Engine\Base</Filter>
    </ClCompile>
    <ClCompile Include="Engine\Base\Framework.cpp">
      <Filter>ソース ファイル\Engine\Base</Filter>
    </ClCompile>
    <ClCompile Include="Engine\Base\GameCore.cpp">
      <Filter>ソース ファイル\Engine\Base</Filter>
    </ClCompile>
    <ClCompile Include="Engine\Base\ImGuiManager.cpp">
      <Filter>ソース ファイル\Engine\Base</Filter>
    </ClCompile>
    <ClCompile Include="Engine\Base\LevelLoader.cpp">
      <Filter>ソース ファイル\Engine\Base</Filter>
    </ClCompile>
    <ClCompile Include="Engine\Base\SceneManager.cpp">
      <Filter>ソース ファイル\Engine\Base</Filter>
    </ClCompile>
    <ClCompile Include="Engine\Base\WindowsApp.cpp">
      <Filter>ソース ファイル\Engine\Base</Filter>
    </ClCompile>
    <ClCompile Include="Easing.cpp">
      <Filter>ソース ファイル</Filter>
    </ClCompile>
    <ClCompile Include="Effect.cpp">
      <Filter>ソース ファイル</Filter>
    </ClCompile>
    <ClCompile Include="EnemyCharge.cpp">
      <Filter>ソース ファイル</Filter>
    </ClCompile>
  </ItemGroup>
  <ItemGroup>
    <ClInclude Include="resource.h">
      <Filter>ヘッダー ファイル</Filter>
    </ClInclude>
    <ClInclude Include="Application\Boss.h">
      <Filter>ヘッダー ファイル\Application</Filter>
    </ClInclude>
    <ClInclude Include="Application\Enemy.h">
      <Filter>ヘッダー ファイル\Application</Filter>
    </ClInclude>
    <ClInclude Include="Application\EnemyBullet.h">
      <Filter>ヘッダー ファイル\Application</Filter>
    </ClInclude>
    <ClInclude Include="Application\Player.h">
      <Filter>ヘッダー ファイル\Application</Filter>
    </ClInclude>
    <ClInclude Include="Application\PlayerBullet.h">
      <Filter>ヘッダー ファイル\Application</Filter>
    </ClInclude>
    <ClInclude Include="Application\TitleScene.h">
      <Filter>ヘッダー ファイル\Application\Scene</Filter>
    </ClInclude>
    <ClInclude Include="Application\GameScene.h">
      <Filter>ヘッダー ファイル\Application\Scene</Filter>
    </ClInclude>
    <ClInclude Include="Application\BossBullet.h">
      <Filter>ヘッダー ファイル\Application</Filter>
    </ClInclude>
    <ClInclude Include="Engine\Math\Matrix4.h">
      <Filter>ヘッダー ファイル\Engine\Math</Filter>
    </ClInclude>
    <ClInclude Include="Engine\Math\Vector2.h">
      <Filter>ヘッダー ファイル\Engine\Math</Filter>
    </ClInclude>
    <ClInclude Include="Engine\Math\Vector3.h">
      <Filter>ヘッダー ファイル\Engine\Math</Filter>
    </ClInclude>
    <ClInclude Include="Engine\Audio\Sound.h">
      <Filter>ヘッダー ファイル\Engine\Audio</Filter>
    </ClInclude>
    <ClInclude Include="Engine\2d\ParticleManager.h">
      <Filter>ヘッダー ファイル\Engine\2d</Filter>
    </ClInclude>
    <ClInclude Include="Engine\2d\PostEffect.h">
      <Filter>ヘッダー ファイル\Engine\2d</Filter>
    </ClInclude>
    <ClInclude Include="Engine\2d\Sprite.h">
      <Filter>ヘッダー ファイル\Engine\2d</Filter>
    </ClInclude>
    <ClInclude Include="Engine\2d\SpriteBasis.h">
      <Filter>ヘッダー ファイル\Engine\2d</Filter>
    </ClInclude>
    <ClInclude Include="Engine\3d\Camera.h">
      <Filter>ヘッダー ファイル\Engine\3d</Filter>
    </ClInclude>
    <ClInclude Include="Engine\3d\CollisionBox.h">
      <Filter>ヘッダー ファイル\Engine\3d</Filter>
    </ClInclude>
    <ClInclude Include="Engine\3d\EventBox.h">
      <Filter>ヘッダー ファイル\Engine\3d</Filter>
    </ClInclude>
    <ClInclude Include="Engine\3d\FbxLoader.h">
      <Filter>ヘッダー ファイル\Engine\3d</Filter>
    </ClInclude>
    <ClInclude Include="Engine\3d\FbxModel.h">
      <Filter>ヘッダー ファイル\Engine\3d</Filter>
    </ClInclude>
    <ClInclude Include="Engine\3d\FbxObject3d.h">
      <Filter>ヘッダー ファイル\Engine\3d</Filter>
    </ClInclude>
    <ClInclude Include="Engine\3d\Model.h">
      <Filter>ヘッダー ファイル\Engine\3d</Filter>
    </ClInclude>
    <ClInclude Include="Engine\3d\Object3D.h">
      <Filter>ヘッダー ファイル\Engine\3d</Filter>
    </ClInclude>
    <ClInclude Include="Engine\Input\GamePad.h">
      <Filter>ヘッダー ファイル\Engine\Input</Filter>
    </ClInclude>
    <ClInclude Include="Engine\Input\KeyBoard.h">
      <Filter>ヘッダー ファイル\Engine\Input</Filter>
    </ClInclude>
    <ClInclude Include="Engine\Light\CircleShadow.h">
      <Filter>ヘッダー ファイル\Engine\Light</Filter>
    </ClInclude>
    <ClInclude Include="Engine\Light\DirectionalLight.h">
      <Filter>ヘッダー ファイル\Engine\Light</Filter>
    </ClInclude>
    <ClInclude Include="Engine\Light\LightGroup.h">
      <Filter>ヘッダー ファイル\Engine\Light</Filter>
    </ClInclude>
    <ClInclude Include="Engine\Light\PointLight.h">
      <Filter>ヘッダー ファイル\Engine\Light</Filter>
    </ClInclude>
    <ClInclude Include="Engine\Light\SpotLight.h">
      <Filter>ヘッダー ファイル\Engine\Light</Filter>
    </ClInclude>
    <ClInclude Include="Engine\Base\BaseScene.h">
      <Filter>ヘッダー ファイル\Engine\Base</Filter>
    </ClInclude>
    <ClInclude Include="Engine\Base\DirectXBasis.h">
      <Filter>ヘッダー ファイル\Engine\Base</Filter>
    </ClInclude>
    <ClInclude Include="Engine\Base\Framework.h">
      <Filter>ヘッダー ファイル\Engine\Base</Filter>
    </ClInclude>
    <ClInclude Include="Engine\Base\GameCore.h">
      <Filter>ヘッダー ファイル\Engine\Base</Filter>
    </ClInclude>
    <ClInclude Include="Engine\Base\ImGuiManager.h">
      <Filter>ヘッダー ファイル\Engine\Base</Filter>
    </ClInclude>
    <ClInclude Include="Engine\Base\LevelLoader.h">
      <Filter>ヘッダー ファイル\Engine\Base</Filter>
    </ClInclude>
    <ClInclude Include="Engine\Base\SceneManager.h">
      <Filter>ヘッダー ファイル\Engine\Base</Filter>
    </ClInclude>
    <ClInclude Include="Engine\Base\WindowsApp.h">
      <Filter>ヘッダー ファイル\Engine\Base</Filter>
    </ClInclude>
    <ClInclude Include="Easing.h">
      <Filter>ヘッダー ファイル</Filter>
    </ClInclude>
    <ClInclude Include="Effect.h">
      <Filter>ヘッダー ファイル</Filter>
    </ClInclude>
    <ClInclude Include="EnemyCharge.h">
      <Filter>ヘッダー ファイル</Filter>
    </ClInclude>
  </ItemGroup>
  <ItemGroup>
    <FxCompile Include="Resources\shaders\BasicPShader.hlsl">
      <Filter>リソース ファイル\シェーダーファイル</Filter>
    </FxCompile>
    <FxCompile Include="Resources\shaders\BasicVShader.hlsl">
      <Filter>リソース ファイル\シェーダーファイル</Filter>
    </FxCompile>
    <FxCompile Include="Resources\shaders\OBJPixelShader.hlsl">
      <Filter>リソース ファイル\シェーダーファイル</Filter>
    </FxCompile>
    <FxCompile Include="Resources\shaders\OBJVertexShader.hlsl">
      <Filter>リソース ファイル\シェーダーファイル</Filter>
    </FxCompile>
    <FxCompile Include="Resources\shaders\SpriteVS.hlsl">
      <Filter>リソース ファイル\シェーダーファイル</Filter>
    </FxCompile>
    <FxCompile Include="Resources\shaders\SpritePS.hlsl">
      <Filter>リソース ファイル\シェーダーファイル</Filter>
    </FxCompile>
    <FxCompile Include="Resources\shaders\PostEffectVS.hlsl">
      <Filter>リソース ファイル\シェーダーファイル</Filter>
    </FxCompile>
    <FxCompile Include="Resources\shaders\PostEffectPS.hlsl">
      <Filter>リソース ファイル\シェーダーファイル</Filter>
    </FxCompile>
    <FxCompile Include="Resources\shaders\FBXPS.hlsl">
      <Filter>リソース ファイル\シェーダーファイル</Filter>
    </FxCompile>
    <FxCompile Include="Resources\shaders\FBXVS.hlsl">
      <Filter>リソース ファイル\シェーダーファイル</Filter>
    </FxCompile>
    <FxCompile Include="Resources\shaders\GaussianPS.hlsl">
      <Filter>リソース ファイル\シェーダーファイル</Filter>
    </FxCompile>
    <FxCompile Include="Resources\shaders\GaussianVS.hlsl">
      <Filter>リソース ファイル\シェーダーファイル</Filter>
    </FxCompile>
    <FxCompile Include="Resources\shaders\ParticlePixelShader.hlsl">
      <Filter>リソース ファイル\シェーダーファイル</Filter>
    </FxCompile>
    <FxCompile Include="Resources\shaders\ParticleVertexShader.hlsl">
      <Filter>リソース ファイル\シェーダーファイル</Filter>
    </FxCompile>
    <FxCompile Include="Resources\shaders\ParticleGeometryShader.hlsl">
      <Filter>リソース ファイル\シェーダーファイル</Filter>
    </FxCompile>
  </ItemGroup>
  <ItemGroup>
    <None Include="Resources\shaders\Basic.hlsli">
      <Filter>リソース ファイル\シェーダーファイル</Filter>
    </None>
    <None Include="Resources\shaders\OBJShaderHeader.hlsli">
      <Filter>リソース ファイル\シェーダーファイル</Filter>
    </None>
    <None Include="Resources\shaders\Sprite.hlsli">
      <Filter>リソース ファイル\シェーダーファイル</Filter>
    </None>
    <None Include="Resources\shaders\PostEffect.hlsli">
      <Filter>リソース ファイル\シェーダーファイル</Filter>
    </None>
    <None Include="Resources\shaders\FBX.hlsli">
      <Filter>リソース ファイル\シェーダーファイル</Filter>
    </None>
    <None Include="Resources\shaders\Gaussian.hlsli">
      <Filter>リソース ファイル\シェーダーファイル</Filter>
    </None>
    <None Include="Resources\shaders\ParticleHeader.hlsli">
      <Filter>リソース ファイル\シェーダーファイル</Filter>
    </None>
  </ItemGroup>
  <ItemGroup>
    <ResourceCompile Include="wakuwa9.rc">
      <Filter>リソース ファイル</Filter>
    </ResourceCompile>
  </ItemGroup>
</Project>